
Microsoft Visual Studio Solution File, Format Version 12.00
# Visual Studio 15
VisualStudioVersion = 15.0.27703.2000
MinimumVisualStudioVersion = 10.0.40219.1
Project("{FAE04EC0-301F-11D3-BF4B-00C04F79EFBC}") = "calculators", "calculators\calculators.csproj", "{EF929EF7-04FC-4595-A227-8DC899B9DC00}"
EndProject
Project("{FAE04EC0-301F-11D3-BF4B-00C04F79EFBC}") = "CalculateLib", "CalculateLib\CalculateLib.csproj", "{C764D1E6-7EEA-4B29-946E-E4DF1D584092}"
EndProject
Project("{FAE04EC0-301F-11D3-BF4B-00C04F79EFBC}") = "WPF_Calculator", "WPF_Calculator\WPF_Calculator.csproj", "{75B62911-7BEC-41F2-BC68-E3A34F0AC8EC}"
EndProject
Project("{F184B08F-C81C-45F6-A57F-5ABD9991F28F}") = "WaferCtrlVb", "WaferCtrlVb\WaferCtrlVb.vbproj", "{33F6C1C7-D330-459E-874B-233E3EA2DDFB}"
EndProject
Project("{FAE04EC0-301F-11D3-BF4B-00C04F79EFBC}") = "WaferCtrl", "WaferCtrl\WaferCtrl.csproj", "{0049870F-698E-40B5-B0B7-DC355B03A9DC}"
EndProject
Project("{FAE04EC0-301F-11D3-BF4B-00C04F79EFBC}") = "WaferTestApp", "WaferTestApp\WaferTestApp.csproj", "{D29E413E-A227-42AD-99C3-231D6B6B233D}"
EndProject
Global
	GlobalSection(SolutionConfigurationPlatforms) = preSolution
		Debug|Any CPU = Debug|Any CPU
		Release|Any CPU = Release|Any CPU
	EndGlobalSection
	GlobalSection(ProjectConfigurationPlatforms) = postSolution
		{EF929EF7-04FC-4595-A227-8DC899B9DC00}.Debug|Any CPU.ActiveCfg = Debug|Any CPU
		{EF929EF7-04FC-4595-A227-8DC899B9DC00}.Debug|Any CPU.Build.0 = Debug|Any CPU
		{EF929EF7-04FC-4595-A227-8DC899B9DC00}.Release|Any CPU.ActiveCfg = Release|Any CPU
		{EF929EF7-04FC-4595-A227-8DC899B9DC00}.Release|Any CPU.Build.0 = Release|Any CPU
		{C764D1E6-7EEA-4B29-946E-E4DF1D584092}.Debug|Any CPU.ActiveCfg = Debug|Any CPU
		{C764D1E6-7EEA-4B29-946E-E4DF1D584092}.Debug|Any CPU.Build.0 = Debug|Any CPU
		{C764D1E6-7EEA-4B29-946E-E4DF1D584092}.Release|Any CPU.ActiveCfg = Release|Any CPU
		{C764D1E6-7EEA-4B29-946E-E4DF1D584092}.Release|Any CPU.Build.0 = Release|Any CPU
		{75B62911-7BEC-41F2-BC68-E3A34F0AC8EC}.Debug|Any CPU.ActiveCfg = Debug|Any CPU
		{75B62911-7BEC-41F2-BC68-E3A34F0AC8EC}.Debug|Any CPU.Build.0 = Debug|Any CPU
		{75B62911-7BEC-41F2-BC68-E3A34F0AC8EC}.Release|Any CPU.ActiveCfg = Release|Any CPU
		{75B62911-7BEC-41F2-BC68-E3A34F0AC8EC}.Release|Any CPU.Build.0 = Release|Any CPU
		{33F6C1C7-D330-459E-874B-233E3EA2DDFB}.Debug|Any CPU.ActiveCfg = Debug|Any CPU
		{33F6C1C7-D330-459E-874B-233E3EA2DDFB}.Debug|Any CPU.Build.0 = Debug|Any CPU
		{33F6C1C7-D330-459E-874B-233E3EA2DDFB}.Release|Any CPU.ActiveCfg = Release|Any CPU
		{33F6C1C7-D330-459E-874B-233E3EA2DDFB}.Release|Any CPU.Build.0 = Release|Any CPU
		{0049870F-698E-40B5-B0B7-DC355B03A9DC}.Debug|Any CPU.ActiveCfg = Debug|Any CPU
		{0049870F-698E-40B5-B0B7-DC355B03A9DC}.Debug|Any CPU.Build.0 = Debug|Any CPU
		{0049870F-698E-40B5-B0B7-DC355B03A9DC}.Release|Any CPU.ActiveCfg = Release|Any CPU
		{0049870F-698E-40B5-B0B7-DC355B03A9DC}.Release|Any CPU.Build.0 = Release|Any CPU
		{D29E413E-A227-42AD-99C3-231D6B6B233D}.Debug|Any CPU.ActiveCfg = Debug|Any CPU
		{D29E413E-A227-42AD-99C3-231D6B6B233D}.Debug|Any CPU.Build.0 = Debug|Any CPU
		{D29E413E-A227-42AD-99C3-231D6B6B233D}.Release|Any CPU.ActiveCfg = Release|Any CPU
		{D29E413E-A227-42AD-99C3-231D6B6B233D}.Release|Any CPU.Build.0 = Release|Any CPU
	EndGlobalSection
	GlobalSection(SolutionProperties) = preSolution
		HideSolutionNode = FALSE
	EndGlobalSection
	GlobalSection(ExtensibilityGlobals) = postSolution
		SolutionGuid = {AAA84229-3B21-436F-B0BB-860C1BB0ED14}
	EndGlobalSection
EndGlobal
